// !$*UTF8*$!
{
	archiveVersion = 1;
	classes = {
	};
	objectVersion = 55;
	objects = {

/* Begin PBXBuildFile section */
		BC2732B32FD1F2A300FEAAF8 /* SplashView.swift in Sources */ = {isa = PBXBuildFile; fileRef = BC2732B22FD1F2A300FEAAF8 /* SplashView.swift */; };
		BC2732B82FD1F36B00FEAAF8 /* AppColors.swift in Sources */ = {isa = PBXBuildFile; fileRef = BC2732B72FD1F36B00FEAAF8 /* AppColors.swift */; };
		BC2732BA2FD1F3B500FEAAF8 /* Color+Hex.swift in Sources */ = {isa = PBXBuildFile; fileRef = BC2732B92FD1F3B500FEAAF8 /* Color+Hex.swift */; };
		BC2732BF2FD1FD9400FEAAF8 /* ThemeBackground.swift in Sources */ = {isa = PBXBuildFile; fileRef = BC2732BE2FD1FD9400FEAAF8 /* ThemeBackground.swift */; };
		BC2732C12FD1FDEE00FEAAF8 /* AppTheme.swift in Sources */ = {isa = PBXBuildFile; fileRef = BC2732C02FD1FDEE00FEAAF8 /* AppTheme.swift */; };
		BC2732C42FD1FF3E00FEAAF8 /* AppStrings.swift in Sources */ = {isa = PBXBuildFile; fileRef = BC2732C32FD1FF3E00FEAAF8 /* AppStrings.swift */; };
		BC2732C62FD2010700FEAAF8 /* AppImages.swift in Sources */ = {isa = PBXBuildFile; fileRef = BC2732C52FD2010700FEAAF8 /* AppImages.swift */; };
		BC2732C92FD2096800FEAAF8 /* AppRouter.swift in Sources */ = {isa = PBXBuildFile; fileRef = BC2732C82FD2096800FEAAF8 /* AppRouter.swift */; };
		BC2732CB2FD20C1700FEAAF8 /* View+Navigation.swift in Sources */ = {isa = PBXBuildFile; fileRef = BC2732CA2FD20C1700FEAAF8 /* View+Navigation.swift */; };
		BC2732CD2FD2138700FEAAF8 /* ThemeBackgroundView.swift in Sources */ = {isa = PBXBuildFile; fileRef = BC2732CC2FD2138700FEAAF8 /* ThemeBackgroundView.swift */; };
		BC7B9DBD2FD1D8E2007C248D /* SamaaApp.swift in Sources */ = {isa = PBXBuildFile; fileRef = BC7B9DBC2FD1D8E2007C248D /* SamaaApp.swift */; };
		BC7B9DBF2FD1D8E2007C248D /* WeatherView.swift in Sources */ = {isa = PBXBuildFile; fileRef = BC7B9DBE2FD1D8E2007C248D /* WeatherView.swift */; };
		BC7B9DC12FD1D8E4007C248D /* Assets.xcassets in Resources */ = {isa = PBXBuildFile; fileRef = BC7B9DC02FD1D8E4007C248D /* Assets.xcassets */; };
		BC7B9DC42FD1D8E4007C248D /* Preview Assets.xcassets in Resources */ = {isa = PBXBuildFile; fileRef = BC7B9DC32FD1D8E4007C248D /* Preview Assets.xcassets */; };
		BCF60EDC2FD442680097F634 /* ApiClient.swift in Sources */ = {isa = PBXBuildFile; fileRef = BCF60EDB2FD442680097F634 /* ApiClient.swift */; };
		BCF60EDF2FD442A10097F634 /* AppContainer.swift in Sources */ = {isa = PBXBuildFile; fileRef = BCF60EDE2FD442A10097F634 /* AppContainer.swift */; };
		BCF60EE12FD442AF0097F634 /* ApiConstants.swift in Sources */ = {isa = PBXBuildFile; fileRef = BCF60EE02FD442AF0097F634 /* ApiConstants.swift */; };
		BCF60EE32FD442BD0097F634 /* NetworkError.swift in Sources */ = {isa = PBXBuildFile; fileRef = BCF60EE22FD442BD0097F634 /* NetworkError.swift */; };
		BCF60EE82FD442F10097F634 /* WeatherEntity.swift in Sources */ = {isa = PBXBuildFile; fileRef = BCF60EE72FD442F10097F634 /* WeatherEntity.swift */; };
		BCF60EEA2FD442FB0097F634 /* SearchLocation.swift in Sources */ = {isa = PBXBuildFile; fileRef = BCF60EE92FD442FB0097F634 /* SearchLocation.swift */; };
		BCF60EEC2FD443080097F634 /* ForecastResponse.swift in Sources */ = {isa = PBXBuildFile; fileRef = BCF60EEB2FD443070097F634 /* ForecastResponse.swift */; };
		BCF60EEE2FD443120097F634 /* SearchResponse.swift in Sources */ = {isa = PBXBuildFile; fileRef = BCF60EED2FD443120097F634 /* SearchResponse.swift */; };
		BCF60EF12FD443280097F634 /* WeatherMapper.swift in Sources */ = {isa = PBXBuildFile; fileRef = BCF60EF02FD443280097F634 /* WeatherMapper.swift */; };
		BCF60EF32FD443330097F634 /* SearchLocationMapper.swift in Sources */ = {isa = PBXBuildFile; fileRef = BCF60EF22FD443330097F634 /* SearchLocationMapper.swift */; };
		BCF60EF52FD443430097F634 /* WeatherServiceProtocol.swift in Sources */ = {isa = PBXBuildFile; fileRef = BCF60EF42FD443430097F634 /* WeatherServiceProtocol.swift */; };
		BCF60EF72FD4434D0097F634 /* WeatherService.swift in Sources */ = {isa = PBXBuildFile; fileRef = BCF60EF62FD4434D0097F634 /* WeatherService.swift */; };
		BCF60EF92FD446A60097F634 /* Coordinate.swift in Sources */ = {isa = PBXBuildFile; fileRef = BCF60EF82FD446A60097F634 /* Coordinate.swift */; };
		BCF60EFC2FD447BD0097F634 /* Samaa.xcdatamodeld in Sources */ = {isa = PBXBuildFile; fileRef = BCF60EFA2FD447BD0097F634 /* Samaa.xcdatamodeld */; };
		BCF60EFF2FD449450097F634 /* PersistenceController.swift in Sources */ = {isa = PBXBuildFile; fileRef = BCF60EFE2FD449450097F634 /* PersistenceController.swift */; };
		BCF60F012FD449CB0097F634 /* SavedLocationsService.swift in Sources */ = {isa = PBXBuildFile; fileRef = BCF60F002FD449CB0097F634 /* SavedLocationsService.swift */; };
		BCF60F062FD44DF60097F634 /* SavedLocationsServiceProtocol.swift in Sources */ = {isa = PBXBuildFile; fileRef = BCF60F052FD44DF60097F634 /* SavedLocationsServiceProtocol.swift */; };
/* End PBXBuildFile section */

/* Begin PBXFileReference section */
		BC2732B22FD1F2A300FEAAF8 /* SplashView.swift */ = {isa = PBXFileReference; lastKnownFileType = sourcecode.swift; path = SplashView.swift; sourceTree = "<group>"; };
		BC2732B72FD1F36B00FEAAF8 /* AppColors.swift */ = {isa = PBXFileReference; lastKnownFileType = sourcecode.swift; path = AppColors.swift; sourceTree = "<group>"; };
		BC2732B92FD1F3B500FEAAF8 /* Color+Hex.swift */ = {isa = PBXFileReference; lastKnownFileType = sourcecode.swift; path = "Color+Hex.swift"; sourceTree = "<group>"; };
		BC2732BE2FD1FD9400FEAAF8 /* ThemeBackground.swift */ = {isa = PBXFileReference; lastKnownFileType = sourcecode.swift; path = ThemeBackground.swift; sourceTree = "<group>"; };
		BC2732C02FD1FDEE00FEAAF8 /* AppTheme.swift */ = {isa = PBXFileReference; lastKnownFileType = sourcecode.swift; path = AppTheme.swift; sourceTree = "<group>"; };
		BC2732C32FD1FF3E00FEAAF8 /* AppStrings.swift */ = {isa = PBXFileReference; lastKnownFileType = sourcecode.swift; path = AppStrings.swift; sourceTree = "<group>"; };
		BC2732C52FD2010700FEAAF8 /* AppImages.swift */ = {isa = PBXFileReference; lastKnownFileType = sourcecode.swift; path = AppImages.swift; sourceTree = "<group>"; };
		BC2732C82FD2096800FEAAF8 /* AppRouter.swift */ = {isa = PBXFileReference; lastKnownFileType = sourcecode.swift; path = AppRouter.swift; sourceTree = "<group>"; };
		BC2732CA2FD20C1700FEAAF8 /* View+Navigation.swift */ = {isa = PBXFileReference; lastKnownFileType = sourcecode.swift; path = "View+Navigation.swift"; sourceTree = "<group>"; };
		BC2732CC2FD2138700FEAAF8 /* ThemeBackgroundView.swift */ = {isa = PBXFileReference; lastKnownFileType = sourcecode.swift; path = ThemeBackgroundView.swift; sourceTree = "<group>"; };
		BC7B9DB92FD1D8E2007C248D /* Samaa'.app */ = {isa = PBXFileReference; explicitFileType = wrapper.application; includeInIndex = 0; path = "Samaa'.app"; sourceTree = BUILT_PRODUCTS_DIR; };
		BC7B9DBC2FD1D8E2007C248D /* SamaaApp.swift */ = {isa = PBXFileReference; lastKnownFileType = sourcecode.swift; path = SamaaApp.swift; sourceTree = "<group>"; };
		BC7B9DBE2FD1D8E2007C248D /* WeatherView.swift */ = {isa = PBXFileReference; lastKnownFileType = sourcecode.swift; path = WeatherView.swift; sourceTree = "<group>"; };
		BC7B9DC02FD1D8E4007C248D /* Assets.xcassets */ = {isa = PBXFileReference; lastKnownFileType = folder.assetcatalog; path = Assets.xcassets; sourceTree = "<group>"; };
		BC7B9DC32FD1D8E4007C248D /* Preview Assets.xcassets */ = {isa = PBXFileReference; lastKnownFileType = folder.assetcatalog; path = "Preview Assets.xcassets"; sourceTree = "<group>"; };
		BCF60EDB2FD442680097F634 /* ApiClient.swift */ = {isa = PBXFileReference; lastKnownFileType = sourcecode.swift; path = ApiClient.swift; sourceTree = "<group>"; };
		BCF60EDE2FD442A10097F634 /* AppContainer.swift */ = {isa = PBXFileReference; lastKnownFileType = sourcecode.swift; path = AppContainer.swift; sourceTree = "<group>"; };
		BCF60EE02FD442AF0097F634 /* ApiConstants.swift */ = {isa = PBXFileReference; lastKnownFileType = sourcecode.swift; path = ApiConstants.swift; sourceTree = "<group>"; };
		BCF60EE22FD442BD0097F634 /* NetworkError.swift */ = {isa = PBXFileReference; lastKnownFileType = sourcecode.swift; path = NetworkError.swift; sourceTree = "<group>"; };
		BCF60EE72FD442F10097F634 /* WeatherEntity.swift */ = {isa = PBXFileReference; lastKnownFileType = sourcecode.swift; path = WeatherEntity.swift; sourceTree = "<group>"; };
		BCF60EE92FD442FB0097F634 /* SearchLocation.swift */ = {isa = PBXFileReference; lastKnownFileType = sourcecode.swift; path = SearchLocation.swift; sourceTree = "<group>"; };
		BCF60EEB2FD443070097F634 /* ForecastResponse.swift */ = {isa = PBXFileReference; lastKnownFileType = sourcecode.swift; path = ForecastResponse.swift; sourceTree = "<group>"; };
		BCF60EED2FD443120097F634 /* SearchResponse.swift */ = {isa = PBXFileReference; lastKnownFileType = sourcecode.swift; path = SearchResponse.swift; sourceTree = "<group>"; };
		BCF60EF02FD443280097F634 /* WeatherMapper.swift */ = {isa = PBXFileReference; lastKnownFileType = sourcecode.swift; path = WeatherMapper.swift; sourceTree = "<group>"; xcLanguageSpecificationIdentifier = xcode.lang.swift; };
		BCF60EF22FD443330097F634 /* SearchLocationMapper.swift */ = {isa = PBXFileReference; lastKnownFileType = sourcecode.swift; path = SearchLocationMapper.swift; sourceTree = "<group>"; };
		BCF60EF42FD443430097F634 /* WeatherServiceProtocol.swift */ = {isa = PBXFileReference; lastKnownFileType = sourcecode.swift; path = WeatherServiceProtocol.swift; sourceTree = "<group>"; };
		BCF60EF62FD4434D0097F634 /* WeatherService.swift */ = {isa = PBXFileReference; lastKnownFileType = sourcecode.swift; path = WeatherService.swift; sourceTree = "<group>"; };
		BCF60EF82FD446A60097F634 /* Coordinate.swift */ = {isa = PBXFileReference; lastKnownFileType = sourcecode.swift; path = Coordinate.swift; sourceTree = "<group>"; };
		BCF60EFB2FD447BD0097F634 /* Samaa.xcdatamodel */ = {isa = PBXFileReference; lastKnownFileType = wrapper.xcdatamodel; path = Samaa.xcdatamodel; sourceTree = "<group>"; };
		BCF60EFE2FD449450097F634 /* PersistenceController.swift */ = {isa = PBXFileReference; lastKnownFileType = sourcecode.swift; path = PersistenceController.swift; sourceTree = "<group>"; };
		BCF60F002FD449CB0097F634 /* SavedLocationsService.swift */ = {isa = PBXFileReference; lastKnownFileType = sourcecode.swift; path = SavedLocationsService.swift; sourceTree = "<group>"; };
		BCF60F022FD44B9D0097F634 /* Config.xcconfig */ = {isa = PBXFileReference; lastKnownFileType = text.xcconfig; path = Config.xcconfig; sourceTree = "<group>"; };
		BCF60F052FD44DF60097F634 /* SavedLocationsServiceProtocol.swift */ = {isa = PBXFileReference; lastKnownFileType = sourcecode.swift; path = SavedLocationsServiceProtocol.swift; sourceTree = "<group>"; };
/* End PBXFileReference section */

/* Begin PBXFrameworksBuildPhase section */
		BC7B9DB62FD1D8E2007C248D /* Frameworks */ = {
			isa = PBXFrameworksBuildPhase;
			buildActionMask = 2147483647;
			files = (
			);
			runOnlyForDeploymentPostprocessing = 0;
		};
/* End PBXFrameworksBuildPhase section */

/* Begin PBXGroup section */
		BC2732B12FD1F29100FEAAF8 /* Splash */ = {
			isa = PBXGroup;
			children = (
				BC2732B22FD1F2A300FEAAF8 /* SplashView.swift */,
			);
			path = Splash;
			sourceTree = "<group>";
		};
		BC2732B42FD1F33E00FEAAF8 /* Core */ = {
			isa = PBXGroup;
			children = (
				BCF60EFD2FD4491F0097F634 /* Helpers */,
				BCF60EDD2FD4428C0097F634 /* DI */,
				BCF60EDA2FD442570097F634 /* Network */,
				BC2732C72FD2095800FEAAF8 /* Navigation */,
				BC2732C22FD1FF1C00FEAAF8 /* Resources */,
				BC2732B62FD1F35C00FEAAF8 /* Extensions */,
				BC2732B52FD1F35800FEAAF8 /* Theme */,
			);
			path = Core;
			sourceTree = "<group>";
		};
		BC2732B52FD1F35800FEAAF8 /* Theme */ = {
			isa = PBXGroup;
			children = (
				BC2732B72FD1F36B00FEAAF8 /* AppColors.swift */,
				BC2732BE2FD1FD9400FEAAF8 /* ThemeBackground.swift */,
				BC2732C02FD1FDEE00FEAAF8 /* AppTheme.swift */,
			);
			path = Theme;
			sourceTree = "<group>";
		};
		BC2732B62FD1F35C00FEAAF8 /* Extensions */ = {
			isa = PBXGroup;
			children = (
				BC2732B92FD1F3B500FEAAF8 /* Color+Hex.swift */,
				BC2732CA2FD20C1700FEAAF8 /* View+Navigation.swift */,
			);
			path = Extensions;
			sourceTree = "<group>";
		};
		BC2732C22FD1FF1C00FEAAF8 /* Resources */ = {
			isa = PBXGroup;
			children = (
				BC2732C32FD1FF3E00FEAAF8 /* AppStrings.swift */,
				BC2732C52FD2010700FEAAF8 /* AppImages.swift */,
			);
			path = Resources;
			sourceTree = "<group>";
		};
		BC2732C72FD2095800FEAAF8 /* Navigation */ = {
			isa = PBXGroup;
			children = (
				BC2732C82FD2096800FEAAF8 /* AppRouter.swift */,
			);
			path = Navigation;
			sourceTree = "<group>";
		};
		BC7B9DB02FD1D8E2007C248D = {
			isa = PBXGroup;
			children = (
				BC7B9DBB2FD1D8E2007C248D /* Samaa */,
				BC7B9DBA2FD1D8E2007C248D /* Products */,
			);
			sourceTree = "<group>";
		};
		BC7B9DBA2FD1D8E2007C248D /* Products */ = {
			isa = PBXGroup;
			children = (
				BC7B9DB92FD1D8E2007C248D /* Samaa'.app */,
			);
			name = Products;
			sourceTree = "<group>";
		};
		BC7B9DBB2FD1D8E2007C248D /* Samaa */ = {
			isa = PBXGroup;
			children = (
				BC2732B42FD1F33E00FEAAF8 /* Core */,
				BC866A1D2FD1DFBA00BC185D /* App */,
				BC866A1E2FD1DFC000BC185D /* Modules */,
				BC866A1B2FD1DFA700BC185D /* Models */,
				BC866A1C2FD1DFA700BC185D /* Services */,
				BC866A1A2FD1DFA700BC185D /* Views */,
				BC7B9DC02FD1D8E4007C248D /* Assets.xcassets */,
				BC7B9DC22FD1D8E4007C248D /* Preview Content */,
				BCF60EFA2FD447BD0097F634 /* Samaa.xcdatamodeld */,
				BCF60F022FD44B9D0097F634 /* Config.xcconfig */,
			);
			path = Samaa;
			sourceTree = "<group>";
		};
		BC7B9DC22FD1D8E4007C248D /* Preview Content */ = {
			isa = PBXGroup;
			children = (
				BC7B9DC32FD1D8E4007C248D /* Preview Assets.xcassets */,
			);
			path = "Preview Content";
			sourceTree = "<group>";
		};
		BC866A1A2FD1DFA700BC185D /* Views */ = {
			isa = PBXGroup;
			children = (
				BC2732CC2FD2138700FEAAF8 /* ThemeBackgroundView.swift */,
			);
			path = Views;
			sourceTree = "<group>";
		};
		BC866A1B2FD1DFA700BC185D /* Models */ = {
			isa = PBXGroup;
			children = (
				BCF60EE62FD442E00097F634 /* Mapper */,
				BCF60EE52FD442D80097F634 /* Response */,
				BCF60EE42FD442CB0097F634 /* Entity */,
			);
			path = Models;
			sourceTree = "<group>";
		};
		BC866A1C2FD1DFA700BC185D /* Services */ = {
			isa = PBXGroup;
			children = (
				BCF60F042FD44DE00097F634 /* SavedLocations */,
				BCF60F032FD44DD70097F634 /* Weather */,
			);
			path = Services;
			sourceTree = "<group>";
		};
		BC866A1D2FD1DFBA00BC185D /* App */ = {
			isa = PBXGroup;
			children = (
				BC7B9DBC2FD1D8E2007C248D /* SamaaApp.swift */,
			);
			path = App;
			sourceTree = "<group>";
		};
		BC866A1E2FD1DFC000BC185D /* Modules */ = {
			isa = PBXGroup;
			children = (
				BC2732B12FD1F29100FEAAF8 /* Splash */,
				BC866A1F2FD1DFC800BC185D /* Weather */,
			);
			path = Modules;
			sourceTree = "<group>";
		};
		BC866A1F2FD1DFC800BC185D /* Weather */ = {
			isa = PBXGroup;
			children = (
				BC7B9DBE2FD1D8E2007C248D /* WeatherView.swift */,
			);
			path = Weather;
			sourceTree = "<group>";
		};
		BCF60EDA2FD442570097F634 /* Network */ = {
			isa = PBXGroup;
			children = (
				BCF60EDB2FD442680097F634 /* ApiClient.swift */,
				BCF60EE02FD442AF0097F634 /* ApiConstants.swift */,
				BCF60EE22FD442BD0097F634 /* NetworkError.swift */,
			);
			path = Network;
			sourceTree = "<group>";
		};
		BCF60EDD2FD4428C0097F634 /* DI */ = {
			isa = PBXGroup;
			children = (
				BCF60EDE2FD442A10097F634 /* AppContainer.swift */,
			);
			path = DI;
			sourceTree = "<group>";
		};
		BCF60EE42FD442CB0097F634 /* Entity */ = {
			isa = PBXGroup;
			children = (
				BCF60EE72FD442F10097F634 /* WeatherEntity.swift */,
				BCF60EE92FD442FB0097F634 /* SearchLocation.swift */,
				BCF60EF82FD446A60097F634 /* Coordinate.swift */,
			);
			path = Entity;
			sourceTree = "<group>";
		};
		BCF60EE52FD442D80097F634 /* Response */ = {
			isa = PBXGroup;
			children = (
				BCF60EEB2FD443070097F634 /* ForecastResponse.swift */,
				BCF60EED2FD443120097F634 /* SearchResponse.swift */,
			);
			path = Response;
			sourceTree = "<group>";
		};
		BCF60EE62FD442E00097F634 /* Mapper */ = {
			isa = PBXGroup;
			children = (
				BCF60EF02FD443280097F634 /* WeatherMapper.swift */,
				BCF60EF22FD443330097F634 /* SearchLocationMapper.swift */,
			);
			path = Mapper;
			sourceTree = "<group>";
		};
		BCF60EFD2FD4491F0097F634 /* Helpers */ = {
			isa = PBXGroup;
			children = (
				BCF60EFE2FD449450097F634 /* PersistenceController.swift */,
			);
			path = Helpers;
			sourceTree = "<group>";
		};
		BCF60F032FD44DD70097F634 /* Weather */ = {
			isa = PBXGroup;
			children = (
				BCF60EF42FD443430097F634 /* WeatherServiceProtocol.swift */,
				BCF60EF62FD4434D0097F634 /* WeatherService.swift */,
			);
			path = Weather;
			sourceTree = "<group>";
		};
		BCF60F042FD44DE00097F634 /* SavedLocations */ = {
			isa = PBXGroup;
			children = (
				BCF60F052FD44DF60097F634 /* SavedLocationsServiceProtocol.swift */,
				BCF60F002FD449CB0097F634 /* SavedLocationsService.swift */,
			);
			path = SavedLocations;
			sourceTree = "<group>";
		};
/* End PBXGroup section */

/* Begin PBXNativeTarget section */
		BC7B9DB82FD1D8E2007C248D /* Samaa */ = {
			isa = PBXNativeTarget;
			buildConfigurationList = BC7B9DC72FD1D8E4007C248D /* Build configuration list for PBXNativeTarget "Samaa" */;
			buildPhases = (
				BC7B9DB52FD1D8E2007C248D /* Sources */,
				BC7B9DB62FD1D8E2007C248D /* Frameworks */,
				BC7B9DB72FD1D8E2007C248D /* Resources */,
			);
			buildRules = (
			);
			dependencies = (
			);
			name = Samaa;
			productName = Samaa;
			productReference = BC7B9DB92FD1D8E2007C248D /* Samaa'.app */;
			productType = "com.apple.product-type.application";
		};
/* End PBXNativeTarget section */

/* Begin PBXProject section */
		BC7B9DB12FD1D8E2007C248D /* Project object */ = {
			isa = PBXProject;
			attributes = {
				BuildIndependentTargetsInParallel = 1;
				LastSwiftUpdateCheck = 1320;
				LastUpgradeCheck = 1320;
				TargetAttributes = {
					BC7B9DB82FD1D8E2007C248D = {
						CreatedOnToolsVersion = 13.2.1;
					};
				};
			};
			buildConfigurationList = BC7B9DB42FD1D8E2007C248D /* Build configuration list for PBXProject "Samaa" */;
			compatibilityVersion = "Xcode 13.0";
			developmentRegion = en;
			hasScannedForEncodings = 0;
			knownRegions = (
				en,
				Base,
			);
			mainGroup = BC7B9DB02FD1D8E2007C248D;
			productRefGroup = BC7B9DBA2FD1D8E2007C248D /* Products */;
			projectDirPath = "";
			projectRoot = "";
			targets = (
				BC7B9DB82FD1D8E2007C248D /* Samaa */,
			);
		};
/* End PBXProject section */

/* Begin PBXResourcesBuildPhase section */
		BC7B9DB72FD1D8E2007C248D /* Resources */ = {
			isa = PBXResourcesBuildPhase;
			buildActionMask = 2147483647;
			files = (
				BC7B9DC42FD1D8E4007C248D /* Preview Assets.xcassets in Resources */,
				BC7B9DC12FD1D8E4007C248D /* Assets.xcassets in Resources */,
			);
			runOnlyForDeploymentPostprocessing = 0;
		};
/* End PBXResourcesBuildPhase section */

/* Begin PBXSourcesBuildPhase section */
		BC7B9DB52FD1D8E2007C248D /* Sources */ = {
			isa = PBXSourcesBuildPhase;
			buildActionMask = 2147483647;
			files = (
				BC2732BF2FD1FD9400FEAAF8 /* ThemeBackground.swift in Sources */,
				BCF60EEA2FD442FB0097F634 /* SearchLocation.swift in Sources */,
				BCF60EE32FD442BD0097F634 /* NetworkError.swift in Sources */,
				BC2732C62FD2010700FEAAF8 /* AppImages.swift in Sources */,
				BCF60EE12FD442AF0097F634 /* ApiConstants.swift in Sources */,
				BCF60F062FD44DF60097F634 /* SavedLocationsServiceProtocol.swift in Sources */,
				BC2732BA2FD1F3B500FEAAF8 /* Color+Hex.swift in Sources */,
				BC7B9DBF2FD1D8E2007C248D /* WeatherView.swift in Sources */,
				BC7B9DBD2FD1D8E2007C248D /* SamaaApp.swift in Sources */,
				BC2732C12FD1FDEE00FEAAF8 /* AppTheme.swift in Sources */,
				BCF60EFF2FD449450097F634 /* PersistenceController.swift in Sources */,
				BC2732CD2FD2138700FEAAF8 /* ThemeBackgroundView.swift in Sources */,
				BC2732B82FD1F36B00FEAAF8 /* AppColors.swift in Sources */,
				BCF60EDC2FD442680097F634 /* ApiClient.swift in Sources */,
				BCF60EE82FD442F10097F634 /* WeatherEntity.swift in Sources */,
				BC2732C42FD1FF3E00FEAAF8 /* AppStrings.swift in Sources */,
				BC2732C92FD2096800FEAAF8 /* AppRouter.swift in Sources */,
				BC2732B32FD1F2A300FEAAF8 /* SplashView.swift in Sources */,
				BCF60EF72FD4434D0097F634 /* WeatherService.swift in Sources */,
				BCF60EF52FD443430097F634 /* WeatherServiceProtocol.swift in Sources */,
				BCF60EEE2FD443120097F634 /* SearchResponse.swift in Sources */,
				BCF60EFC2FD447BD0097F634 /* Samaa.xcdatamodeld in Sources */,
				BCF60EF92FD446A60097F634 /* Coordinate.swift in Sources */,
				BC2732CB2FD20C1700FEAAF8 /* View+Navigation.swift in Sources */,
				BCF60EF12FD443280097F634 /* WeatherMapper.swift in Sources */,
				BCF60EF32FD443330097F634 /* SearchLocationMapper.swift in Sources */,
				BCF60EEC2FD443080097F634 /* ForecastResponse.swift in Sources */,
				BCF60F012FD449CB0097F634 /* SavedLocationsService.swift in Sources */,
				BCF60EDF2FD442A10097F634 /* AppContainer.swift in Sources */,
			);
			runOnlyForDeploymentPostprocessing = 0;
		};
/* End PBXSourcesBuildPhase section */

/* Begin XCBuildConfiguration section */
		BC7B9DC52FD1D8E4007C248D /* Debug */ = {
			isa = XCBuildConfiguration;
			baseConfigurationReference = BCF60F022FD44B9D0097F634 /* Config.xcconfig */;
			buildSettings = {
				ALWAYS_SEARCH_USER_PATHS = NO;
				CLANG_ANALYZER_NONNULL = YES;
				CLANG_ANALYZER_NUMBER_OBJECT_CONVERSION = YES_AGGRESSIVE;
				CLANG_CXX_LANGUAGE_STANDARD = "gnu++17";
				CLANG_CXX_LIBRARY = "libc++";
				CLANG_ENABLE_MODULES = YES;
				CLANG_ENABLE_OBJC_ARC = YES;
				CLANG_ENABLE_OBJC_WEAK = YES;
				CLANG_WARN_BLOCK_CAPTURE_AUTORELEASING = YES;
				CLANG_WARN_BOOL_CONVERSION = YES;
				CLANG_WARN_COMMA = YES;
				CLANG_WARN_CONSTANT_CONVERSION = YES;
				CLANG_WARN_DEPRECATED_OBJC_IMPLEMENTATIONS = YES;
				CLANG_WARN_DIRECT_OBJC_ISA_USAGE = YES_ERROR;
				CLANG_WARN_DOCUMENTATION_COMMENTS = YES;
				CLANG_WARN_EMPTY_BODY = YES;
				CLANG_WARN_ENUM_CONVERSION = YES;
				CLANG_WARN_INFINITE_RECURSION = YES;
				CLANG_WARN_INT_CONVERSION = YES;
				CLANG_WARN_NON_LITERAL_NULL_CONVERSION = YES;
				CLANG_WARN_OBJC_IMPLICIT_RETAIN_SELF = YES;
				CLANG_WARN_OBJC_LITERAL_CONVERSION = YES;
				CLANG_WARN_OBJC_ROOT_CLASS = YES_ERROR;
				CLANG_WARN_QUOTED_INCLUDE_IN_FRAMEWORK_HEADER = YES;
				CLANG_WARN_RANGE_LOOP_ANALYSIS = YES;
				CLANG_WARN_STRICT_PROTOTYPES = YES;
				CLANG_WARN_SUSPICIOUS_MOVE = YES;
				CLANG_WARN_UNGUARDED_AVAILABILITY = YES_AGGRESSIVE;
				CLANG_WARN_UNREACHABLE_CODE = YES;
				CLANG_WARN__DUPLICATE_METHOD_MATCH = YES;
				COPY_PHASE_STRIP = NO;
				DEBUG_INFORMATION_FORMAT = dwarf;
				ENABLE_STRICT_OBJC_MSGSEND = YES;
				ENABLE_TESTABILITY = YES;
				GCC_C_LANGUAGE_STANDARD = gnu11;
				GCC_DYNAMIC_NO_PIC = NO;
				GCC_NO_COMMON_BLOCKS = YES;
				GCC_OPTIMIZATION_LEVEL = 0;
				GCC_PREPROCESSOR_DEFINITIONS = (
					"DEBUG=1",
					"$(inherited)",
				);
				GCC_WARN_64_TO_32_BIT_CONVERSION = YES;
				GCC_WARN_ABOUT_RETURN_TYPE = YES_ERROR;
				GCC_WARN_UNDECLARED_SELECTOR = YES;
				GCC_WARN_UNINITIALIZED_AUTOS = YES_AGGRESSIVE;
				GCC_WARN_UNUSED_FUNCTION = YES;
				GCC_WARN_UNUSED_VARIABLE = YES;
				IPHONEOS_DEPLOYMENT_TARGET = 15.2;
				MTL_ENABLE_DEBUG_INFO = INCLUDE_SOURCE;
				MTL_FAST_MATH = YES;
				ONLY_ACTIVE_ARCH = YES;
				SDKROOT = iphoneos;
				SWIFT_ACTIVE_COMPILATION_CONDITIONS = DEBUG;
				SWIFT_OPTIMIZATION_LEVEL = "-Onone";
			};
			name = Debug;
		};
		BC7B9DC62FD1D8E4007C248D /* Release */ = {
			isa = XCBuildConfiguration;
			baseConfigurationReference = BCF60F022FD44B9D0097F634 /* Config.xcconfig */;
			buildSettings = {
				ALWAYS_SEARCH_USER_PATHS = NO;
				CLANG_ANALYZER_NONNULL = YES;
				CLANG_ANALYZER_NUMBER_OBJECT_CONVERSION = YES_AGGRESSIVE;
				CLANG_CXX_LANGUAGE_STANDARD = "gnu++17";
				CLANG_CXX_LIBRARY = "libc++";
				CLANG_ENABLE_MODULES = YES;
				CLANG_ENABLE_OBJC_ARC = YES;
				CLANG_ENABLE_OBJC_WEAK = YES;
				CLANG_WARN_BLOCK_CAPTURE_AUTORELEASING = YES;
				CLANG_WARN_BOOL_CONVERSION = YES;
				CLANG_WARN_COMMA = YES;
				CLANG_WARN_CONSTANT_CONVERSION = YES;
				CLANG_WARN_DEPRECATED_OBJC_IMPLEMENTATIONS = YES;
				CLANG_WARN_DIRECT_OBJC_ISA_USAGE = YES_ERROR;
				CLANG_WARN_DOCUMENTATION_COMMENTS = YES;
				CLANG_WARN_EMPTY_BODY = YES;
				CLANG_WARN_ENUM_CONVERSION = YES;
				CLANG_WARN_INFINITE_RECURSION = YES;
				CLANG_WARN_INT_CONVERSION = YES;
				CLANG_WARN_NON_LITERAL_NULL_CONVERSION = YES;
				CLANG_WARN_OBJC_IMPLICIT_RETAIN_SELF = YES;
				CLANG_WARN_OBJC_LITERAL_CONVERSION = YES;
				CLANG_WARN_OBJC_ROOT_CLASS = YES_ERROR;
				CLANG_WARN_QUOTED_INCLUDE_IN_FRAMEWORK_HEADER = YES;
				CLANG_WARN_RANGE_LOOP_ANALYSIS = YES;
				CLANG_WARN_STRICT_PROTOTYPES = YES;
				CLANG_WARN_SUSPICIOUS_MOVE = YES;
				CLANG_WARN_UNGUARDED_AVAILABILITY = YES_AGGRESSIVE;
				CLANG_WARN_UNREACHABLE_CODE = YES;
				CLANG_WARN__DUPLICATE_METHOD_MATCH = YES;
				COPY_PHASE_STRIP = NO;
				DEBUG_INFORMATION_FORMAT = "dwarf-with-dsym";
				ENABLE_NS_ASSERTIONS = NO;
				ENABLE_STRICT_OBJC_MSGSEND = YES;
				GCC_C_LANGUAGE_STANDARD = gnu11;
				GCC_NO_COMMON_BLOCKS = YES;
				GCC_WARN_64_TO_32_BIT_CONVERSION = YES;
				GCC_WARN_ABOUT_RETURN_TYPE = YES_ERROR;
				GCC_WARN_UNDECLARED_SELECTOR = YES;
				GCC_WARN_UNINITIALIZED_AUTOS = YES_AGGRESSIVE;
				GCC_WARN_UNUSED_FUNCTION = YES;
				GCC_WARN_UNUSED_VARIABLE = YES;
				IPHONEOS_DEPLOYMENT_TARGET = 15.2;
				MTL_ENABLE_DEBUG_INFO = NO;
				MTL_FAST_MATH = YES;
				SDKROOT = iphoneos;
				SWIFT_COMPILATION_MODE = wholemodule;
				SWIFT_OPTIMIZATION_LEVEL = "-O";
				VALIDATE_PRODUCT = YES;
			};
			name = Release;
		};
		BC7B9DC82FD1D8E4007C248D /* Debug */ = {
			isa = XCBuildConfiguration;
			baseConfigurationReference = BCF60F022FD44B9D0097F634 /* Config.xcconfig */;
			buildSettings = {
				ASSETCATALOG_COMPILER_APPICON_NAME = AppIcon;
				ASSETCATALOG_COMPILER_GLOBAL_ACCENT_COLOR_NAME = AccentColor;
				CODE_SIGN_STYLE = Automatic;
				CURRENT_PROJECT_VERSION = 1;
				DEVELOPMENT_ASSET_PATHS = "\"Samaa/Preview Content\"";
				ENABLE_PREVIEWS = YES;
				GENERATE_INFOPLIST_FILE = YES;
				INFOPLIST_FILE = Samaa/Info.plist;
				INFOPLIST_KEY_UIApplicationSceneManifest_Generation = YES;
				INFOPLIST_KEY_UIApplicationSupportsIndirectInputEvents = YES;
				INFOPLIST_KEY_UILaunchScreen_Generation = YES;
				INFOPLIST_KEY_UILaunchStoryboardName = "Launch Screen";
				INFOPLIST_KEY_UISupportedInterfaceOrientations_iPad = "UIInterfaceOrientationPortrait UIInterfaceOrientationPortraitUpsideDown UIInterfaceOrientationLandscapeLeft UIInterfaceOrientationLandscapeRight";
				INFOPLIST_KEY_UISupportedInterfaceOrientations_iPhone = "UIInterfaceOrientationPortrait UIInterfaceOrientationLandscapeLeft UIInterfaceOrientationLandscapeRight";
				LD_RUNPATH_SEARCH_PATHS = (
					"$(inherited)",
					"@executable_path/Frameworks",
				);
				MARKETING_VERSION = 1.0;
				PRODUCT_BUNDLE_IDENTIFIER = com.iti.Samaa;
				PRODUCT_NAME = "Samaa'";
				SWIFT_EMIT_LOC_STRINGS = YES;
				SWIFT_VERSION = 5.0;
				TARGETED_DEVICE_FAMILY = "1,2";
			};
			name = Debug;
		};
		BC7B9DC92FD1D8E4007C248D /* Release */ = {
			isa = XCBuildConfiguration;
			baseConfigurationReference = BCF60F022FD44B9D0097F634 /* Config.xcconfig */;
			buildSettings = {
				ASSETCATALOG_COMPILER_APPICON_NAME = AppIcon;
				ASSETCATALOG_COMPILER_GLOBAL_ACCENT_COLOR_NAME = AccentColor;
				CODE_SIGN_STYLE = Automatic;
				CURRENT_PROJECT_VERSION = 1;
				DEVELOPMENT_ASSET_PATHS = "\"Samaa/Preview Content\"";
				ENABLE_PREVIEWS = YES;
				GENERATE_INFOPLIST_FILE = YES;
				INFOPLIST_FILE = Samaa/Info.plist;
				INFOPLIST_KEY_UIApplicationSceneManifest_Generation = YES;
				INFOPLIST_KEY_UIApplicationSupportsIndirectInputEvents = YES;
				INFOPLIST_KEY_UILaunchScreen_Generation = YES;
				INFOPLIST_KEY_UILaunchStoryboardName = "Launch Screen";
				INFOPLIST_KEY_UISupportedInterfaceOrientations_iPad = "UIInterfaceOrientationPortrait UIInterfaceOrientationPortraitUpsideDown UIInterfaceOrientationLandscapeLeft UIInterfaceOrientationLandscapeRight";
				INFOPLIST_KEY_UISupportedInterfaceOrientations_iPhone = "UIInterfaceOrientationPortrait UIInterfaceOrientationLandscapeLeft UIInterfaceOrientationLandscapeRight";
				LD_RUNPATH_SEARCH_PATHS = (
					"$(inherited)",
					"@executable_path/Frameworks",
				);
				MARKETING_VERSION = 1.0;
				PRODUCT_BUNDLE_IDENTIFIER = com.iti.Samaa;
				PRODUCT_NAME = "Samaa'";
				SWIFT_EMIT_LOC_STRINGS = YES;
				SWIFT_VERSION = 5.0;
				TARGETED_DEVICE_FAMILY = "1,2";
			};
			name = Release;
		};
/* End XCBuildConfiguration section */

/* Begin XCConfigurationList section */
		BC7B9DB42FD1D8E2007C248D /* Build configuration list for PBXProject "Samaa" */ = {
			isa = XCConfigurationList;
			buildConfigurations = (
				BC7B9DC52FD1D8E4007C248D /* Debug */,
				BC7B9DC62FD1D8E4007C248D /* Release */,
			);
			defaultConfigurationIsVisible = 0;
			defaultConfigurationName = Release;
		};
		BC7B9DC72FD1D8E4007C248D /* Build configuration list for PBXNativeTarget "Samaa" */ = {
			isa = XCConfigurationList;
			buildConfigurations = (
				BC7B9DC82FD1D8E4007C248D /* Debug */,
				BC7B9DC92FD1D8E4007C248D /* Release */,
			);
			defaultConfigurationIsVisible = 0;
			defaultConfigurationName = Release;
		};
/* End XCConfigurationList section */

/* Begin XCVersionGroup section */
		BCF60EFA2FD447BD0097F634 /* Samaa.xcdatamodeld */ = {
			isa = XCVersionGroup;
			children = (
				BCF60EFB2FD447BD0097F634 /* Samaa.xcdatamodel */,
			);
			currentVersion = BCF60EFB2FD447BD0097F634 /* Samaa.xcdatamodel */;
			path = Samaa.xcdatamodeld;
			sourceTree = "<group>";
			versionGroupType = wrapper.xcdatamodel;
		};
/* End XCVersionGroup section */
	};
	rootObject = BC7B9DB12FD1D8E2007C248D /* Project object */;
}
